// !$*UTF8*$!
{
	archiveVersion = 1;
	classes = {
	};
	objectVersion = 54;
	objects = {

/* Begin PBXBuildFile section */
		00E356F31AD99517003FC87E /* RNStarterKitTests.m in Sources */ = {isa = PBXBuildFile; fileRef = 00E356F21AD99517003FC87E /* RNStarterKitTests.m */; };
		048CE51FCDF54915B2B686CC /* Graphik-Super.ttf in Resources */ = {isa = PBXBuildFile; fileRef = D5FB1CBEF1F3453FA6CFDA5B /* Graphik-Super.ttf */; };
		0BBF24865925471297741DD0 /* Graphik-Bold.ttf in Resources */ = {isa = PBXBuildFile; fileRef = BC91B300BA184843BD81FEF7 /* Graphik-Bold.ttf */; };
		0E9034F8E9764C3E836FA773 /* Graphik-Black Italic.ttf in Resources */ = {isa = PBXBuildFile; fileRef = 5F7A5037396F4F0FB300591D /* Graphik-Black Italic.ttf */; };
		13B07FBC1A68108700A75B9A /* AppDelegate.mm in Sources */ = {isa = PBXBuildFile; fileRef = 13B07FB01A68108700A75B9A /* AppDelegate.mm */; };
		13B07FBF1A68108700A75B9A /* Images.xcassets in Resources */ = {isa = PBXBuildFile; fileRef = 13B07FB51A68108700A75B9A /* Images.xcassets */; };
		13B07FC11A68108700A75B9A /* main.m in Sources */ = {isa = PBXBuildFile; fileRef = 13B07FB71A68108700A75B9A /* main.m */; };
		13BF915A7DA14D96A524210E /* Graphik-Thin.ttf in Resources */ = {isa = PBXBuildFile; fileRef = D8F02C1387A7461DBD7F5E68 /* Graphik-Thin.ttf */; };
		147984160A39446499ADCF6C /* Graphik-Super Italic.ttf in Resources */ = {isa = PBXBuildFile; fileRef = B6D2000AF86E4501B496FAD3 /* Graphik-Super Italic.ttf */; };
		17F5AD6A457C411684A88E04 /* Graphik-Semibold.ttf in Resources */ = {isa = PBXBuildFile; fileRef = FF3F2A0D43E0400D86652BF7 /* Graphik-Semibold.ttf */; };
		1F9929513A9D478F9A633FDA /* Graphik-Regular Italic.ttf in Resources */ = {isa = PBXBuildFile; fileRef = DE346F6D449B43229EC8BF52 /* Graphik-Regular Italic.ttf */; };
		32D4D94EBF184A51AC25F237 /* Graphik-Light Italic.ttf in Resources */ = {isa = PBXBuildFile; fileRef = A4F082880A764691AF26FDA9 /* Graphik-Light Italic.ttf */; };
		3856C9452CA07E0C35508760 /* libPods-RNStarterKit.a in Frameworks */ = {isa = PBXBuildFile; fileRef = 632ACA6AF2CA377A8E27527F /* libPods-RNStarterKit.a */; };
		4088453211F54AEE962C9BC8 /* Graphik-Black.ttf in Resources */ = {isa = PBXBuildFile; fileRef = 4DD7098BCC904F0EA120A4FE /* Graphik-Black.ttf */; };
		54C56B16661D44ACB8497A0E /* Graphik-Extralight Italic.ttf in Resources */ = {isa = PBXBuildFile; fileRef = F8B26E65689A44A3BF4408C6 /* Graphik-Extralight Italic.ttf */; };
		5731CFD8B6244197A9CF7C12 /* Graphik-Medium.ttf in Resources */ = {isa = PBXBuildFile; fileRef = 1809C3E1C137492DB8D5405B /* Graphik-Medium.ttf */; };
		5CB444AA3C0646FA81199042 /* Graphik-Light.ttf in Resources */ = {isa = PBXBuildFile; fileRef = 9C4169C3DFAB4622943988EF /* Graphik-Light.ttf */; };
		63AAE9FC94784D79919139EF /* Graphik-Thin Italic.ttf in Resources */ = {isa = PBXBuildFile; fileRef = 68DF997EDE834EF7BB3D5871 /* Graphik-Thin Italic.ttf */; };
		713F6FAAABB14A33B09C4A75 /* Kings-Regular.ttf in Resources */ = {isa = PBXBuildFile; fileRef = 7EAC11A5926B4365A81594DB /* Kings-Regular.ttf */; };
		75B8479F2ABC4E26A0F7B5D7 /* Graphik-Medium Italic.ttf in Resources */ = {isa = PBXBuildFile; fileRef = 8AED6CFCA0254AC286088C66 /* Graphik-Medium Italic.ttf */; };
		81AB9BB82411601600AC10FF /* LaunchScreen.storyboard in Resources */ = {isa = PBXBuildFile; fileRef = 81AB9BB72411601600AC10FF /* LaunchScreen.storyboard */; };
		910C8BC5804070E4054DD2EC /* libPods-RNStarterKit-RNStarterKitTests.a in Frameworks */ = {isa = PBXBuildFile; fileRef = 51E3A0AE605499E7DEB63083 /* libPods-RNStarterKit-RNStarterKitTests.a */; };
		97489038FD2B4326BE7B47BE /* Graphik-Bold Italic.ttf in Resources */ = {isa = PBXBuildFile; fileRef = 7370436515AD49E282C0CF10 /* Graphik-Bold Italic.ttf */; };
		C4921BBE737641A5B72D08A5 /* Graphik-Semibold Italic.ttf in Resources */ = {isa = PBXBuildFile; fileRef = C4F20EEA22E345D9B8EBE254 /* Graphik-Semibold Italic.ttf */; };
		E20103FE58104842BC58A126 /* Graphik-Regular.ttf in Resources */ = {isa = PBXBuildFile; fileRef = 93A6D8E21C474F0285514747 /* Graphik-Regular.ttf */; };
		EE166BA147EB46CD9A611B82 /* Graphik-Extralight.ttf in Resources */ = {isa = PBXBuildFile; fileRef = 2D092787CF094B599E7C4FFA /* Graphik-Extralight.ttf */; };
		91A70C113C6E4972986CDEB2 /* Acumin-BdItPro.ttf in Resources */ = {isa = PBXBuildFile; fileRef = AFF6500B7682450FB7B873BC /* Acumin-BdItPro.ttf */; };
		BEA8A6BAB847400F9575BE8A /* VesperLibre-Black.ttf in Resources */ = {isa = PBXBuildFile; fileRef = D028D562A5894C70B78D7404 /* VesperLibre-Black.ttf */; };
		8DAD7A49F1AB4900A08BC268 /* VesperLibre-Bold.ttf in Resources */ = {isa = PBXBuildFile; fileRef = C4817C45AB0544399CF38CEF /* VesperLibre-Bold.ttf */; };
		5B04EA724556422884D0E744 /* VesperLibre-Medium.ttf in Resources */ = {isa = PBXBuildFile; fileRef = F4C88576306C4C09A7EF1F36 /* VesperLibre-Medium.ttf */; };
		AC9283BAE5A14419B932EB13 /* VesperLibre-Regular.ttf in Resources */ = {isa = PBXBuildFile; fileRef = D6DBE0F6FBF544EA8E00F02B /* VesperLibre-Regular.ttf */; };
/* End PBXBuildFile section */

/* Begin PBXContainerItemProxy section */
		00E356F41AD99517003FC87E /* PBXContainerItemProxy */ = {
			isa = PBXContainerItemProxy;
			containerPortal = 83CBB9F71A601CBA00E9B192 /* Project object */;
			proxyType = 1;
			remoteGlobalIDString = 13B07F861A680F5B00A75B9A;
			remoteInfo = RNStarterKit;
		};
/* End PBXContainerItemProxy section */

/* Begin PBXFileReference section */
		00E356EE1AD99517003FC87E /* RNStarterKitTests.xctest */ = {isa = PBXFileReference; explicitFileType = wrapper.cfbundle; includeInIndex = 0; path = RNStarterKitTests.xctest; sourceTree = BUILT_PRODUCTS_DIR; };
		00E356F11AD99517003FC87E /* Info.plist */ = {isa = PBXFileReference; lastKnownFileType = text.plist.xml; path = Info.plist; sourceTree = "<group>"; };
		00E356F21AD99517003FC87E /* RNStarterKitTests.m */ = {isa = PBXFileReference; lastKnownFileType = sourcecode.c.objc; path = RNStarterKitTests.m; sourceTree = "<group>"; };
		13B07F961A680F5B00A75B9A /* RNStarterKit.app */ = {isa = PBXFileReference; explicitFileType = wrapper.application; includeInIndex = 0; path = RNStarterKit.app; sourceTree = BUILT_PRODUCTS_DIR; };
		13B07FAF1A68108700A75B9A /* AppDelegate.h */ = {isa = PBXFileReference; fileEncoding = 4; lastKnownFileType = sourcecode.c.h; name = AppDelegate.h; path = RNStarterKit/AppDelegate.h; sourceTree = "<group>"; };
		13B07FB01A68108700A75B9A /* AppDelegate.mm */ = {isa = PBXFileReference; fileEncoding = 4; lastKnownFileType = sourcecode.cpp.objcpp; name = AppDelegate.mm; path = RNStarterKit/AppDelegate.mm; sourceTree = "<group>"; };
		13B07FB51A68108700A75B9A /* Images.xcassets */ = {isa = PBXFileReference; lastKnownFileType = folder.assetcatalog; name = Images.xcassets; path = RNStarterKit/Images.xcassets; sourceTree = "<group>"; };
		13B07FB61A68108700A75B9A /* Info.plist */ = {isa = PBXFileReference; fileEncoding = 4; lastKnownFileType = text.plist.xml; name = Info.plist; path = RNStarterKit/Info.plist; sourceTree = "<group>"; };
		13B07FB71A68108700A75B9A /* main.m */ = {isa = PBXFileReference; fileEncoding = 4; lastKnownFileType = sourcecode.c.objc; name = main.m; path = RNStarterKit/main.m; sourceTree = "<group>"; };
		1809C3E1C137492DB8D5405B /* Graphik-Medium.ttf */ = {isa = PBXFileReference; explicitFileType = undefined; fileEncoding = 9; includeInIndex = 0; lastKnownFileType = unknown; name = "Graphik-Medium.ttf"; path = "../src/assets/fonts/Graphik-Medium.ttf"; sourceTree = "<group>"; };
		2D092787CF094B599E7C4FFA /* Graphik-Extralight.ttf */ = {isa = PBXFileReference; explicitFileType = undefined; fileEncoding = 9; includeInIndex = 0; lastKnownFileType = unknown; name = "Graphik-Extralight.ttf"; path = "../src/assets/fonts/Graphik-Extralight.ttf"; sourceTree = "<group>"; };
		384C8A832B304226B7DBAE7D /* Pods-RNStarterKit.debug.xcconfig */ = {isa = PBXFileReference; includeInIndex = 1; lastKnownFileType = text.xcconfig; name = "Pods-RNStarterKit.debug.xcconfig"; path = "Target Support Files/Pods-RNStarterKit/Pods-RNStarterKit.debug.xcconfig"; sourceTree = "<group>"; };
		4754720DC5A19435D5979060 /* Pods-RNStarterKit-RNStarterKitTests.release.xcconfig */ = {isa = PBXFileReference; includeInIndex = 1; lastKnownFileType = text.xcconfig; name = "Pods-RNStarterKit-RNStarterKitTests.release.xcconfig"; path = "Target Support Files/Pods-RNStarterKit-RNStarterKitTests/Pods-RNStarterKit-RNStarterKitTests.release.xcconfig"; sourceTree = "<group>"; };
		4A6C1D6543B0450C87E51F89 /* Kings.ttf */ = {isa = PBXFileReference; explicitFileType = undefined; fileEncoding = 9; includeInIndex = 0; lastKnownFileType = unknown; name = Kings.ttf; path = ../src/assets/fonts/Kings.ttf; sourceTree = "<group>"; };
		4DD7098BCC904F0EA120A4FE /* Graphik-Black.ttf */ = {isa = PBXFileReference; explicitFileType = undefined; fileEncoding = 9; includeInIndex = 0; lastKnownFileType = unknown; name = "Graphik-Black.ttf"; path = "../src/assets/fonts/Graphik-Black.ttf"; sourceTree = "<group>"; };
		51E3A0AE605499E7DEB63083 /* libPods-RNStarterKit-RNStarterKitTests.a */ = {isa = PBXFileReference; explicitFileType = archive.ar; includeInIndex = 0; path = "libPods-RNStarterKit-RNStarterKitTests.a"; sourceTree = BUILT_PRODUCTS_DIR; };
		5F7A5037396F4F0FB300591D /* Graphik-Black Italic.ttf */ = {isa = PBXFileReference; explicitFileType = undefined; fileEncoding = 9; includeInIndex = 0; lastKnownFileType = unknown; name = "Graphik-Black Italic.ttf"; path = "../src/assets/fonts/Graphik-Black Italic.ttf"; sourceTree = "<group>"; };
		632ACA6AF2CA377A8E27527F /* libPods-RNStarterKit.a */ = {isa = PBXFileReference; explicitFileType = archive.ar; includeInIndex = 0; path = "libPods-RNStarterKit.a"; sourceTree = BUILT_PRODUCTS_DIR; };
		68DF997EDE834EF7BB3D5871 /* Graphik-Thin Italic.ttf */ = {isa = PBXFileReference; explicitFileType = undefined; fileEncoding = 9; includeInIndex = 0; lastKnownFileType = unknown; name = "Graphik-Thin Italic.ttf"; path = "../src/assets/fonts/Graphik-Thin Italic.ttf"; sourceTree = "<group>"; };
		7370436515AD49E282C0CF10 /* Graphik-Bold Italic.ttf */ = {isa = PBXFileReference; explicitFileType = undefined; fileEncoding = 9; includeInIndex = 0; lastKnownFileType = unknown; name = "Graphik-Bold Italic.ttf"; path = "../src/assets/fonts/Graphik-Bold Italic.ttf"; sourceTree = "<group>"; };
		7EAC11A5926B4365A81594DB /* Kings-Regular.ttf */ = {isa = PBXFileReference; explicitFileType = undefined; fileEncoding = 9; includeInIndex = 0; lastKnownFileType = unknown; name = "Kings-Regular.ttf"; path = "../src/assets/fonts/Kings-Regular.ttf"; sourceTree = "<group>"; };
		81AB9BB72411601600AC10FF /* LaunchScreen.storyboard */ = {isa = PBXFileReference; fileEncoding = 4; lastKnownFileType = file.storyboard; name = LaunchScreen.storyboard; path = RNStarterKit/LaunchScreen.storyboard; sourceTree = "<group>"; };
		8AED6CFCA0254AC286088C66 /* Graphik-Medium Italic.ttf */ = {isa = PBXFileReference; explicitFileType = undefined; fileEncoding = 9; includeInIndex = 0; lastKnownFileType = unknown; name = "Graphik-Medium Italic.ttf"; path = "../src/assets/fonts/Graphik-Medium Italic.ttf"; sourceTree = "<group>"; };
		93A6D8E21C474F0285514747 /* Graphik-Regular.ttf */ = {isa = PBXFileReference; explicitFileType = undefined; fileEncoding = 9; includeInIndex = 0; lastKnownFileType = unknown; name = "Graphik-Regular.ttf"; path = "../src/assets/fonts/Graphik-Regular.ttf"; sourceTree = "<group>"; };
		9C4169C3DFAB4622943988EF /* Graphik-Light.ttf */ = {isa = PBXFileReference; explicitFileType = undefined; fileEncoding = 9; includeInIndex = 0; lastKnownFileType = unknown; name = "Graphik-Light.ttf"; path = "../src/assets/fonts/Graphik-Light.ttf"; sourceTree = "<group>"; };
		9C7C4E18197C9B7700DF6633 /* Pods-RNStarterKit-RNStarterKitTests.debug.xcconfig */ = {isa = PBXFileReference; includeInIndex = 1; lastKnownFileType = text.xcconfig; name = "Pods-RNStarterKit-RNStarterKitTests.debug.xcconfig"; path = "Target Support Files/Pods-RNStarterKit-RNStarterKitTests/Pods-RNStarterKit-RNStarterKitTests.debug.xcconfig"; sourceTree = "<group>"; };
		A4F082880A764691AF26FDA9 /* Graphik-Light Italic.ttf */ = {isa = PBXFileReference; explicitFileType = undefined; fileEncoding = 9; includeInIndex = 0; lastKnownFileType = unknown; name = "Graphik-Light Italic.ttf"; path = "../src/assets/fonts/Graphik-Light Italic.ttf"; sourceTree = "<group>"; };
		B6D2000AF86E4501B496FAD3 /* Graphik-Super Italic.ttf */ = {isa = PBXFileReference; explicitFileType = undefined; fileEncoding = 9; includeInIndex = 0; lastKnownFileType = unknown; name = "Graphik-Super Italic.ttf"; path = "../src/assets/fonts/Graphik-Super Italic.ttf"; sourceTree = "<group>"; };
		BC91B300BA184843BD81FEF7 /* Graphik-Bold.ttf */ = {isa = PBXFileReference; explicitFileType = undefined; fileEncoding = 9; includeInIndex = 0; lastKnownFileType = unknown; name = "Graphik-Bold.ttf"; path = "../src/assets/fonts/Graphik-Bold.ttf"; sourceTree = "<group>"; };
		C3554BEA47BFEE0F5B1E6813 /* Pods-RNStarterKit.release.xcconfig */ = {isa = PBXFileReference; includeInIndex = 1; lastKnownFileType = text.xcconfig; name = "Pods-RNStarterKit.release.xcconfig"; path = "Target Support Files/Pods-RNStarterKit/Pods-RNStarterKit.release.xcconfig"; sourceTree = "<group>"; };
		C4F20EEA22E345D9B8EBE254 /* Graphik-Semibold Italic.ttf */ = {isa = PBXFileReference; explicitFileType = undefined; fileEncoding = 9; includeInIndex = 0; lastKnownFileType = unknown; name = "Graphik-Semibold Italic.ttf"; path = "../src/assets/fonts/Graphik-Semibold Italic.ttf"; sourceTree = "<group>"; };
		D5FB1CBEF1F3453FA6CFDA5B /* Graphik-Super.ttf */ = {isa = PBXFileReference; explicitFileType = undefined; fileEncoding = 9; includeInIndex = 0; lastKnownFileType = unknown; name = "Graphik-Super.ttf"; path = "../src/assets/fonts/Graphik-Super.ttf"; sourceTree = "<group>"; };
		D8F02C1387A7461DBD7F5E68 /* Graphik-Thin.ttf */ = {isa = PBXFileReference; explicitFileType = undefined; fileEncoding = 9; includeInIndex = 0; lastKnownFileType = unknown; name = "Graphik-Thin.ttf"; path = "../src/assets/fonts/Graphik-Thin.ttf"; sourceTree = "<group>"; };
		DE346F6D449B43229EC8BF52 /* Graphik-Regular Italic.ttf */ = {isa = PBXFileReference; explicitFileType = undefined; fileEncoding = 9; includeInIndex = 0; lastKnownFileType = unknown; name = "Graphik-Regular Italic.ttf"; path = "../src/assets/fonts/Graphik-Regular Italic.ttf"; sourceTree = "<group>"; };
		ED297162215061F000B7C4FE /* JavaScriptCore.framework */ = {isa = PBXFileReference; lastKnownFileType = wrapper.framework; name = JavaScriptCore.framework; path = System/Library/Frameworks/JavaScriptCore.framework; sourceTree = SDKROOT; };
		F8B26E65689A44A3BF4408C6 /* Graphik-Extralight Italic.ttf */ = {isa = PBXFileReference; explicitFileType = undefined; fileEncoding = 9; includeInIndex = 0; lastKnownFileType = unknown; name = "Graphik-Extralight Italic.ttf"; path = "../src/assets/fonts/Graphik-Extralight Italic.ttf"; sourceTree = "<group>"; };
		FF3F2A0D43E0400D86652BF7 /* Graphik-Semibold.ttf */ = {isa = PBXFileReference; explicitFileType = undefined; fileEncoding = 9; includeInIndex = 0; lastKnownFileType = unknown; name = "Graphik-Semibold.ttf"; path = "../src/assets/fonts/Graphik-Semibold.ttf"; sourceTree = "<group>"; };
		AFF6500B7682450FB7B873BC /* Acumin-BdItPro.ttf */ = {isa = PBXFileReference; name = "Acumin-BdItPro.ttf"; path = "../src/assets/fonts/Acumin-BdItPro.ttf"; sourceTree = "<group>"; fileEncoding = undefined; lastKnownFileType = unknown; explicitFileType = undefined; includeInIndex = 0; };
		D028D562A5894C70B78D7404 /* VesperLibre-Black.ttf */ = {isa = PBXFileReference; name = "VesperLibre-Black.ttf"; path = "../src/assets/fonts/VesperLibre-Black.ttf"; sourceTree = "<group>"; fileEncoding = undefined; lastKnownFileType = unknown; explicitFileType = undefined; includeInIndex = 0; };
		C4817C45AB0544399CF38CEF /* VesperLibre-Bold.ttf */ = {isa = PBXFileReference; name = "VesperLibre-Bold.ttf"; path = "../src/assets/fonts/VesperLibre-Bold.ttf"; sourceTree = "<group>"; fileEncoding = undefined; lastKnownFileType = unknown; explicitFileType = undefined; includeInIndex = 0; };
		F4C88576306C4C09A7EF1F36 /* VesperLibre-Medium.ttf */ = {isa = PBXFileReference; name = "VesperLibre-Medium.ttf"; path = "../src/assets/fonts/VesperLibre-Medium.ttf"; sourceTree = "<group>"; fileEncoding = undefined; lastKnownFileType = unknown; explicitFileType = undefined; includeInIndex = 0; };
		D6DBE0F6FBF544EA8E00F02B /* VesperLibre-Regular.ttf */ = {isa = PBXFileReference; name = "VesperLibre-Regular.ttf"; path = "../src/assets/fonts/VesperLibre-Regular.ttf"; sourceTree = "<group>"; fileEncoding = undefined; lastKnownFileType = unknown; explicitFileType = undefined; includeInIndex = 0; };
/* End PBXFileReference section */

/* Begin PBXFrameworksBuildPhase section */
		00E356EB1AD99517003FC87E /* Frameworks */ = {
			isa = PBXFrameworksBuildPhase;
			buildActionMask = 2147483647;
			files = (
				910C8BC5804070E4054DD2EC /* libPods-RNStarterKit-RNStarterKitTests.a in Frameworks */,
			);
			runOnlyForDeploymentPostprocessing = 0;
		};
		13B07F8C1A680F5B00A75B9A /* Frameworks */ = {
			isa = PBXFrameworksBuildPhase;
			buildActionMask = 2147483647;
			files = (
				3856C9452CA07E0C35508760 /* libPods-RNStarterKit.a in Frameworks */,
			);
			runOnlyForDeploymentPostprocessing = 0;
		};
/* End PBXFrameworksBuildPhase section */

/* Begin PBXGroup section */
		00E356EF1AD99517003FC87E /* RNStarterKitTests */ = {
			isa = PBXGroup;
			children = (
				00E356F21AD99517003FC87E /* RNStarterKitTests.m */,
				00E356F01AD99517003FC87E /* Supporting Files */,
			);
			path = RNStarterKitTests;
			sourceTree = "<group>";
		};
		00E356F01AD99517003FC87E /* Supporting Files */ = {
			isa = PBXGroup;
			children = (
				00E356F11AD99517003FC87E /* Info.plist */,
			);
			name = "Supporting Files";
			sourceTree = "<group>";
		};
		13B07FAE1A68108700A75B9A /* RNStarterKit */ = {
			isa = PBXGroup;
			children = (
				13B07FAF1A68108700A75B9A /* AppDelegate.h */,
				13B07FB01A68108700A75B9A /* AppDelegate.mm */,
				13B07FB51A68108700A75B9A /* Images.xcassets */,
				13B07FB61A68108700A75B9A /* Info.plist */,
				81AB9BB72411601600AC10FF /* LaunchScreen.storyboard */,
				13B07FB71A68108700A75B9A /* main.m */,
			);
			name = RNStarterKit;
			sourceTree = "<group>";
		};
		2D16E6871FA4F8E400B85C8A /* Frameworks */ = {
			isa = PBXGroup;
			children = (
				ED297162215061F000B7C4FE /* JavaScriptCore.framework */,
				632ACA6AF2CA377A8E27527F /* libPods-RNStarterKit.a */,
				51E3A0AE605499E7DEB63083 /* libPods-RNStarterKit-RNStarterKitTests.a */,
			);
			name = Frameworks;
			sourceTree = "<group>";
		};
		832341AE1AAA6A7D00B99B32 /* Libraries */ = {
			isa = PBXGroup;
			children = (
			);
			name = Libraries;
			sourceTree = "<group>";
		};
		83CBB9F61A601CBA00E9B192 = {
			isa = PBXGroup;
			children = (
				13B07FAE1A68108700A75B9A /* RNStarterKit */,
				832341AE1AAA6A7D00B99B32 /* Libraries */,
				00E356EF1AD99517003FC87E /* RNStarterKitTests */,
				83CBBA001A601CBA00E9B192 /* Products */,
				2D16E6871FA4F8E400B85C8A /* Frameworks */,
				BBD78D7AC51CEA395F1C20DB /* Pods */,
				D6F93F7400B44375BE9C9AF8 /* Resources */,
			);
			indentWidth = 2;
			sourceTree = "<group>";
			tabWidth = 2;
			usesTabs = 0;
		};
		83CBBA001A601CBA00E9B192 /* Products */ = {
			isa = PBXGroup;
			children = (
				13B07F961A680F5B00A75B9A /* RNStarterKit.app */,
				00E356EE1AD99517003FC87E /* RNStarterKitTests.xctest */,
			);
			name = Products;
			sourceTree = "<group>";
		};
		BBD78D7AC51CEA395F1C20DB /* Pods */ = {
			isa = PBXGroup;
			children = (
				384C8A832B304226B7DBAE7D /* Pods-RNStarterKit.debug.xcconfig */,
				C3554BEA47BFEE0F5B1E6813 /* Pods-RNStarterKit.release.xcconfig */,
				9C7C4E18197C9B7700DF6633 /* Pods-RNStarterKit-RNStarterKitTests.debug.xcconfig */,
				4754720DC5A19435D5979060 /* Pods-RNStarterKit-RNStarterKitTests.release.xcconfig */,
			);
			path = Pods;
			sourceTree = "<group>";
		};
		D6F93F7400B44375BE9C9AF8 /* Resources */ = {
			isa = PBXGroup;
			children = (
				5F7A5037396F4F0FB300591D /* Graphik-Black Italic.ttf */,
				4DD7098BCC904F0EA120A4FE /* Graphik-Black.ttf */,
				7370436515AD49E282C0CF10 /* Graphik-Bold Italic.ttf */,
				BC91B300BA184843BD81FEF7 /* Graphik-Bold.ttf */,
				F8B26E65689A44A3BF4408C6 /* Graphik-Extralight Italic.ttf */,
				2D092787CF094B599E7C4FFA /* Graphik-Extralight.ttf */,
				A4F082880A764691AF26FDA9 /* Graphik-Light Italic.ttf */,
				9C4169C3DFAB4622943988EF /* Graphik-Light.ttf */,
				8AED6CFCA0254AC286088C66 /* Graphik-Medium Italic.ttf */,
				1809C3E1C137492DB8D5405B /* Graphik-Medium.ttf */,
				DE346F6D449B43229EC8BF52 /* Graphik-Regular Italic.ttf */,
				93A6D8E21C474F0285514747 /* Graphik-Regular.ttf */,
				C4F20EEA22E345D9B8EBE254 /* Graphik-Semibold Italic.ttf */,
				FF3F2A0D43E0400D86652BF7 /* Graphik-Semibold.ttf */,
				B6D2000AF86E4501B496FAD3 /* Graphik-Super Italic.ttf */,
				D5FB1CBEF1F3453FA6CFDA5B /* Graphik-Super.ttf */,
				68DF997EDE834EF7BB3D5871 /* Graphik-Thin Italic.ttf */,
				D8F02C1387A7461DBD7F5E68 /* Graphik-Thin.ttf */,
				7EAC11A5926B4365A81594DB /* Kings-Regular.ttf */,
				4A6C1D6543B0450C87E51F89 /* Kings.ttf */,
				AFF6500B7682450FB7B873BC /* Acumin-BdItPro.ttf */,
				D028D562A5894C70B78D7404 /* VesperLibre-Black.ttf */,
				C4817C45AB0544399CF38CEF /* VesperLibre-Bold.ttf */,
				F4C88576306C4C09A7EF1F36 /* VesperLibre-Medium.ttf */,
				D6DBE0F6FBF544EA8E00F02B /* VesperLibre-Regular.ttf */,
			);
			name = Resources;
			sourceTree = "<group>";
		};
/* End PBXGroup section */

/* Begin PBXNativeTarget section */
		00E356ED1AD99517003FC87E /* RNStarterKitTests */ = {
			isa = PBXNativeTarget;
			buildConfigurationList = 00E357021AD99517003FC87E /* Build configuration list for PBXNativeTarget "RNStarterKitTests" */;
			buildPhases = (
				8B24176FC9E4F0A044487D11 /* [CP] Check Pods Manifest.lock */,
				00E356EA1AD99517003FC87E /* Sources */,
				00E356EB1AD99517003FC87E /* Frameworks */,
				00E356EC1AD99517003FC87E /* Resources */,
				E33C98E7BA77D490E8C21DC7 /* [CP] Embed Pods Frameworks */,
				931961979C59074D59CED4F3 /* [CP] Copy Pods Resources */,
			);
			buildRules = (
			);
			dependencies = (
				00E356F51AD99517003FC87E /* PBXTargetDependency */,
			);
			name = RNStarterKitTests;
			productName = RNStarterKitTests;
			productReference = 00E356EE1AD99517003FC87E /* RNStarterKitTests.xctest */;
			productType = "com.apple.product-type.bundle.unit-test";
		};
		13B07F861A680F5B00A75B9A /* RNStarterKit */ = {
			isa = PBXNativeTarget;
			buildConfigurationList = 13B07F931A680F5B00A75B9A /* Build configuration list for PBXNativeTarget "RNStarterKit" */;
			buildPhases = (
				C3B9457F79AA89082C0BC9AE /* [CP] Check Pods Manifest.lock */,
				13B07F871A680F5B00A75B9A /* Sources */,
				13B07F8C1A680F5B00A75B9A /* Frameworks */,
				13B07F8E1A680F5B00A75B9A /* Resources */,
				00DD1BFF1BD5951E006B06BC /* Bundle React Native code and images */,
				1AB2FEC5548575B82A1D9671 /* [CP] Embed Pods Frameworks */,
				7B4804F249432769AD4B0F81 /* [CP] Copy Pods Resources */,
			);
			buildRules = (
			);
			dependencies = (
			);
			name = RNStarterKit;
			productName = RNStarterKit;
			productReference = 13B07F961A680F5B00A75B9A /* RNStarterKit.app */;
			productType = "com.apple.product-type.application";
		};
/* End PBXNativeTarget section */

/* Begin PBXProject section */
		83CBB9F71A601CBA00E9B192 /* Project object */ = {
			isa = PBXProject;
			attributes = {
				LastUpgradeCheck = 1210;
				TargetAttributes = {
					00E356ED1AD99517003FC87E = {
						CreatedOnToolsVersion = 6.2;
						TestTargetID = 13B07F861A680F5B00A75B9A;
					};
					13B07F861A680F5B00A75B9A = {
						LastSwiftMigration = 1120;
					};
				};
			};
			buildConfigurationList = 83CBB9FA1A601CBA00E9B192 /* Build configuration list for PBXProject "RNStarterKit" */;
			compatibilityVersion = "Xcode 12.0";
			developmentRegion = en;
			hasScannedForEncodings = 0;
			knownRegions = (
				en,
				Base,
			);
			mainGroup = 83CBB9F61A601CBA00E9B192;
			productRefGroup = 83CBBA001A601CBA00E9B192 /* Products */;
			projectDirPath = "";
			projectRoot = "";
			targets = (
				13B07F861A680F5B00A75B9A /* RNStarterKit */,
				00E356ED1AD99517003FC87E /* RNStarterKitTests */,
			);
		};
/* End PBXProject section */

/* Begin PBXResourcesBuildPhase section */
		00E356EC1AD99517003FC87E /* Resources */ = {
			isa = PBXResourcesBuildPhase;
			buildActionMask = 2147483647;
			files = (
			);
			runOnlyForDeploymentPostprocessing = 0;
		};
		13B07F8E1A680F5B00A75B9A /* Resources */ = {
			isa = PBXResourcesBuildPhase;
			buildActionMask = 2147483647;
			files = (
				81AB9BB82411601600AC10FF /* LaunchScreen.storyboard in Resources */,
				13B07FBF1A68108700A75B9A /* Images.xcassets in Resources */,
				0E9034F8E9764C3E836FA773 /* Graphik-Black Italic.ttf in Resources */,
				4088453211F54AEE962C9BC8 /* Graphik-Black.ttf in Resources */,
				97489038FD2B4326BE7B47BE /* Graphik-Bold Italic.ttf in Resources */,
				0BBF24865925471297741DD0 /* Graphik-Bold.ttf in Resources */,
				54C56B16661D44ACB8497A0E /* Graphik-Extralight Italic.ttf in Resources */,
				EE166BA147EB46CD9A611B82 /* Graphik-Extralight.ttf in Resources */,
				32D4D94EBF184A51AC25F237 /* Graphik-Light Italic.ttf in Resources */,
				5CB444AA3C0646FA81199042 /* Graphik-Light.ttf in Resources */,
				75B8479F2ABC4E26A0F7B5D7 /* Graphik-Medium Italic.ttf in Resources */,
				5731CFD8B6244197A9CF7C12 /* Graphik-Medium.ttf in Resources */,
				1F9929513A9D478F9A633FDA /* Graphik-Regular Italic.ttf in Resources */,
				E20103FE58104842BC58A126 /* Graphik-Regular.ttf in Resources */,
				C4921BBE737641A5B72D08A5 /* Graphik-Semibold Italic.ttf in Resources */,
				17F5AD6A457C411684A88E04 /* Graphik-Semibold.ttf in Resources */,
				147984160A39446499ADCF6C /* Graphik-Super Italic.ttf in Resources */,
				048CE51FCDF54915B2B686CC /* Graphik-Super.ttf in Resources */,
				63AAE9FC94784D79919139EF /* Graphik-Thin Italic.ttf in Resources */,
				13BF915A7DA14D96A524210E /* Graphik-Thin.ttf in Resources */,
				713F6FAAABB14A33B09C4A75 /* Kings-Regular.ttf in Resources */,
				91A70C113C6E4972986CDEB2 /* Acumin-BdItPro.ttf in Resources */,
				BEA8A6BAB847400F9575BE8A /* VesperLibre-Black.ttf in Resources */,
				8DAD7A49F1AB4900A08BC268 /* VesperLibre-Bold.ttf in Resources */,
				5B04EA724556422884D0E744 /* VesperLibre-Medium.ttf in Resources */,
				AC9283BAE5A14419B932EB13 /* VesperLibre-Regular.ttf in Resources */,
			);
			runOnlyForDeploymentPostprocessing = 0;
		};
/* End PBXResourcesBuildPhase section */

/* Begin PBXShellScriptBuildPhase section */
		00DD1BFF1BD5951E006B06BC /* Bundle React Native code and images */ = {
			isa = PBXShellScriptBuildPhase;
			buildActionMask = 2147483647;
			files = (
			);
			inputPaths = (
				"$(SRCROOT)/.xcode.env.local",
				"$(SRCROOT)/.xcode.env",
			);
			name = "Bundle React Native code and images";
			outputPaths = (
			);
			runOnlyForDeploymentPostprocessing = 0;
			shellPath = /bin/sh;
			shellScript = "set -e\n\nWITH_ENVIRONMENT=\"../node_modules/react-native/scripts/xcode/with-environment.sh\"\nREACT_NATIVE_XCODE=\"../node_modules/react-native/scripts/react-native-xcode.sh\"\n\n/bin/sh -c \"$WITH_ENVIRONMENT $REACT_NATIVE_XCODE\"\n";
		};
		1AB2FEC5548575B82A1D9671 /* [CP] Embed Pods Frameworks */ = {
			isa = PBXShellScriptBuildPhase;
			buildActionMask = 2147483647;
			files = (
			);
			inputFileListPaths = (
				"${PODS_ROOT}/Target Support Files/Pods-RNStarterKit/Pods-RNStarterKit-frameworks-${CONFIGURATION}-input-files.xcfilelist",
			);
			name = "[CP] Embed Pods Frameworks";
			outputFileListPaths = (
				"${PODS_ROOT}/Target Support Files/Pods-RNStarterKit/Pods-RNStarterKit-frameworks-${CONFIGURATION}-output-files.xcfilelist",
			);
			runOnlyForDeploymentPostprocessing = 0;
			shellPath = /bin/sh;
			shellScript = "\"${PODS_ROOT}/Target Support Files/Pods-RNStarterKit/Pods-RNStarterKit-frameworks.sh\"\n";
			showEnvVarsInLog = 0;
		};
		7B4804F249432769AD4B0F81 /* [CP] Copy Pods Resources */ = {
			isa = PBXShellScriptBuildPhase;
			buildActionMask = 2147483647;
			files = (
			);
			inputFileListPaths = (
				"${PODS_ROOT}/Target Support Files/Pods-RNStarterKit/Pods-RNStarterKit-resources-${CONFIGURATION}-input-files.xcfilelist",
			);
			name = "[CP] Copy Pods Resources";
			outputFileListPaths = (
				"${PODS_ROOT}/Target Support Files/Pods-RNStarterKit/Pods-RNStarterKit-resources-${CONFIGURATION}-output-files.xcfilelist",
			);
			runOnlyForDeploymentPostprocessing = 0;
			shellPath = /bin/sh;
			shellScript = "\"${PODS_ROOT}/Target Support Files/Pods-RNStarterKit/Pods-RNStarterKit-resources.sh\"\n";
			showEnvVarsInLog = 0;
		};
		8B24176FC9E4F0A044487D11 /* [CP] Check Pods Manifest.lock */ = {
			isa = PBXShellScriptBuildPhase;
			buildActionMask = 2147483647;
			files = (
			);
			inputFileListPaths = (
			);
			inputPaths = (
				"${PODS_PODFILE_DIR_PATH}/Podfile.lock",
				"${PODS_ROOT}/Manifest.lock",
			);
			name = "[CP] Check Pods Manifest.lock";
			outputFileListPaths = (
			);
			outputPaths = (
				"$(DERIVED_FILE_DIR)/Pods-RNStarterKit-RNStarterKitTests-checkManifestLockResult.txt",
			);
			runOnlyForDeploymentPostprocessing = 0;
			shellPath = /bin/sh;
			shellScript = "diff \"${PODS_PODFILE_DIR_PATH}/Podfile.lock\" \"${PODS_ROOT}/Manifest.lock\" > /dev/null\nif [ $? != 0 ] ; then\n    # print error to STDERR\n    echo \"error: The sandbox is not in sync with the Podfile.lock. Run 'pod install' or update your CocoaPods installation.\" >&2\n    exit 1\nfi\n# This output is used by Xcode 'outputs' to avoid re-running this script phase.\necho \"SUCCESS\" > \"${SCRIPT_OUTPUT_FILE_0}\"\n";
			showEnvVarsInLog = 0;
		};
		931961979C59074D59CED4F3 /* [CP] Copy Pods Resources */ = {
			isa = PBXShellScriptBuildPhase;
			buildActionMask = 2147483647;
			files = (
			);
			inputFileListPaths = (
				"${PODS_ROOT}/Target Support Files/Pods-RNStarterKit-RNStarterKitTests/Pods-RNStarterKit-RNStarterKitTests-resources-${CONFIGURATION}-input-files.xcfilelist",
			);
			name = "[CP] Copy Pods Resources";
			outputFileListPaths = (
				"${PODS_ROOT}/Target Support Files/Pods-RNStarterKit-RNStarterKitTests/Pods-RNStarterKit-RNStarterKitTests-resources-${CONFIGURATION}-output-files.xcfilelist",
			);
			runOnlyForDeploymentPostprocessing = 0;
			shellPath = /bin/sh;
			shellScript = "\"${PODS_ROOT}/Target Support Files/Pods-RNStarterKit-RNStarterKitTests/Pods-RNStarterKit-RNStarterKitTests-resources.sh\"\n";
			showEnvVarsInLog = 0;
		};
		C3B9457F79AA89082C0BC9AE /* [CP] Check Pods Manifest.lock */ = {
			isa = PBXShellScriptBuildPhase;
			buildActionMask = 2147483647;
			files = (
			);
			inputFileListPaths = (
			);
			inputPaths = (
				"${PODS_PODFILE_DIR_PATH}/Podfile.lock",
				"${PODS_ROOT}/Manifest.lock",
			);
			name = "[CP] Check Pods Manifest.lock";
			outputFileListPaths = (
			);
			outputPaths = (
				"$(DERIVED_FILE_DIR)/Pods-RNStarterKit-checkManifestLockResult.txt",
			);
			runOnlyForDeploymentPostprocessing = 0;
			shellPath = /bin/sh;
			shellScript = "diff \"${PODS_PODFILE_DIR_PATH}/Podfile.lock\" \"${PODS_ROOT}/Manifest.lock\" > /dev/null\nif [ $? != 0 ] ; then\n    # print error to STDERR\n    echo \"error: The sandbox is not in sync with the Podfile.lock. Run 'pod install' or update your CocoaPods installation.\" >&2\n    exit 1\nfi\n# This output is used by Xcode 'outputs' to avoid re-running this script phase.\necho \"SUCCESS\" > \"${SCRIPT_OUTPUT_FILE_0}\"\n";
			showEnvVarsInLog = 0;
		};
		E33C98E7BA77D490E8C21DC7 /* [CP] Embed Pods Frameworks */ = {
			isa = PBXShellScriptBuildPhase;
			buildActionMask = 2147483647;
			files = (
			);
			inputFileListPaths = (
				"${PODS_ROOT}/Target Support Files/Pods-RNStarterKit-RNStarterKitTests/Pods-RNStarterKit-RNStarterKitTests-frameworks-${CONFIGURATION}-input-files.xcfilelist",
			);
			name = "[CP] Embed Pods Frameworks";
			outputFileListPaths = (
				"${PODS_ROOT}/Target Support Files/Pods-RNStarterKit-RNStarterKitTests/Pods-RNStarterKit-RNStarterKitTests-frameworks-${CONFIGURATION}-output-files.xcfilelist",
			);
			runOnlyForDeploymentPostprocessing = 0;
			shellPath = /bin/sh;
			shellScript = "\"${PODS_ROOT}/Target Support Files/Pods-RNStarterKit-RNStarterKitTests/Pods-RNStarterKit-RNStarterKitTests-frameworks.sh\"\n";
			showEnvVarsInLog = 0;
		};
/* End PBXShellScriptBuildPhase section */

/* Begin PBXSourcesBuildPhase section */
		00E356EA1AD99517003FC87E /* Sources */ = {
			isa = PBXSourcesBuildPhase;
			buildActionMask = 2147483647;
			files = (
				00E356F31AD99517003FC87E /* RNStarterKitTests.m in Sources */,
			);
			runOnlyForDeploymentPostprocessing = 0;
		};
		13B07F871A680F5B00A75B9A /* Sources */ = {
			isa = PBXSourcesBuildPhase;
			buildActionMask = 2147483647;
			files = (
				13B07FBC1A68108700A75B9A /* AppDelegate.mm in Sources */,
				13B07FC11A68108700A75B9A /* main.m in Sources */,
			);
			runOnlyForDeploymentPostprocessing = 0;
		};
/* End PBXSourcesBuildPhase section */

/* Begin PBXTargetDependency section */
		00E356F51AD99517003FC87E /* PBXTargetDependency */ = {
			isa = PBXTargetDependency;
			target = 13B07F861A680F5B00A75B9A /* RNStarterKit */;
			targetProxy = 00E356F41AD99517003FC87E /* PBXContainerItemProxy */;
		};
/* End PBXTargetDependency section */

/* Begin XCBuildConfiguration section */
		00E356F61AD99517003FC87E /* Debug */ = {
			isa = XCBuildConfiguration;
			baseConfigurationReference = 9C7C4E18197C9B7700DF6633 /* Pods-RNStarterKit-RNStarterKitTests.debug.xcconfig */;
			buildSettings = {
				BUNDLE_LOADER = "$(TEST_HOST)";
				GCC_PREPROCESSOR_DEFINITIONS = (
					"DEBUG=1",
					"$(inherited)",
				);
				INFOPLIST_FILE = RNStarterKitTests/Info.plist;
				IPHONEOS_DEPLOYMENT_TARGET = 13.4;
				LD_RUNPATH_SEARCH_PATHS = (
					"$(inherited)",
					"@executable_path/Frameworks",
					"@loader_path/Frameworks",
				);
				OTHER_LDFLAGS = (
					"-ObjC",
					"-lc++",
					"$(inherited)",
				);
				PRODUCT_BUNDLE_IDENTIFIER = "org.reactjs.native.example.$(PRODUCT_NAME:rfc1034identifier)";
				PRODUCT_NAME = "$(TARGET_NAME)";
				TEST_HOST = "$(BUILT_PRODUCTS_DIR)/RNStarterKit.app/RNStarterKit";
			};
			name = Debug;
		};
		00E356F71AD99517003FC87E /* Release */ = {
			isa = XCBuildConfiguration;
			baseConfigurationReference = 4754720DC5A19435D5979060 /* Pods-RNStarterKit-RNStarterKitTests.release.xcconfig */;
			buildSettings = {
				BUNDLE_LOADER = "$(TEST_HOST)";
				COPY_PHASE_STRIP = NO;
				INFOPLIST_FILE = RNStarterKitTests/Info.plist;
				IPHONEOS_DEPLOYMENT_TARGET = 13.4;
				LD_RUNPATH_SEARCH_PATHS = (
					"$(inherited)",
					"@executable_path/Frameworks",
					"@loader_path/Frameworks",
				);
				OTHER_LDFLAGS = (
					"-ObjC",
					"-lc++",
					"$(inherited)",
				);
				PRODUCT_BUNDLE_IDENTIFIER = "org.reactjs.native.example.$(PRODUCT_NAME:rfc1034identifier)";
				PRODUCT_NAME = "$(TARGET_NAME)";
				TEST_HOST = "$(BUILT_PRODUCTS_DIR)/RNStarterKit.app/RNStarterKit";
			};
			name = Release;
		};
		13B07F941A680F5B00A75B9A /* Debug */ = {
			isa = XCBuildConfiguration;
			baseConfigurationReference = 384C8A832B304226B7DBAE7D /* Pods-RNStarterKit.debug.xcconfig */;
			buildSettings = {
				ASSETCATALOG_COMPILER_APPICON_NAME = AppIcon;
				CLANG_ENABLE_MODULES = YES;
				CURRENT_PROJECT_VERSION = 1;
				ENABLE_BITCODE = NO;
				INFOPLIST_FILE = RNStarterKit/Info.plist;
				LD_RUNPATH_SEARCH_PATHS = (
					"$(inherited)",
					"@executable_path/Frameworks",
				);
				MARKETING_VERSION = 1.0;
				OTHER_LDFLAGS = (
					"$(inherited)",
					"-ObjC",
					"-lc++",
				);
				PRODUCT_BUNDLE_IDENTIFIER = "org.reactjs.native.example.$(PRODUCT_NAME:rfc1034identifier)";
				PRODUCT_NAME = RNStarterKit;
				SWIFT_OPTIMIZATION_LEVEL = "-Onone";
				SWIFT_VERSION = 5.0;
				VERSIONING_SYSTEM = "apple-generic";
			};
			name = Debug;
		};
		13B07F951A680F5B00A75B9A /* Release */ = {
			isa = XCBuildConfiguration;
			baseConfigurationReference = C3554BEA47BFEE0F5B1E6813 /* Pods-RNStarterKit.release.xcconfig */;
			buildSettings = {
				ASSETCATALOG_COMPILER_APPICON_NAME = AppIcon;
				CLANG_ENABLE_MODULES = YES;
				CURRENT_PROJECT_VERSION = 1;
				INFOPLIST_FILE = RNStarterKit/Info.plist;
				LD_RUNPATH_SEARCH_PATHS = (
					"$(inherited)",
					"@executable_path/Frameworks",
				);
				MARKETING_VERSION = 1.0;
				OTHER_LDFLAGS = (
					"$(inherited)",
					"-ObjC",
					"-lc++",
				);
				PRODUCT_BUNDLE_IDENTIFIER = "org.reactjs.native.example.$(PRODUCT_NAME:rfc1034identifier)";
				PRODUCT_NAME = RNStarterKit;
				SWIFT_VERSION = 5.0;
				VERSIONING_SYSTEM = "apple-generic";
			};
			name = Release;
		};
		83CBBA201A601CBA00E9B192 /* Debug */ = {
			isa = XCBuildConfiguration;
			buildSettings = {
				ALWAYS_SEARCH_USER_PATHS = NO;
				CLANG_ANALYZER_LOCALIZABILITY_NONLOCALIZED = YES;
				CLANG_CXX_LANGUAGE_STANDARD = "c++20";
				CLANG_CXX_LIBRARY = "libc++";
				CLANG_ENABLE_MODULES = YES;
				CLANG_ENABLE_OBJC_ARC = YES;
				CLANG_WARN_BLOCK_CAPTURE_AUTORELEASING = YES;
				CLANG_WARN_BOOL_CONVERSION = YES;
				CLANG_WARN_COMMA = YES;
				CLANG_WARN_CONSTANT_CONVERSION = YES;
				CLANG_WARN_DEPRECATED_OBJC_IMPLEMENTATIONS = YES;
				CLANG_WARN_DIRECT_OBJC_ISA_USAGE = YES_ERROR;
				CLANG_WARN_EMPTY_BODY = YES;
				CLANG_WARN_ENUM_CONVERSION = YES;
				CLANG_WARN_INFINITE_RECURSION = YES;
				CLANG_WARN_INT_CONVERSION = YES;
				CLANG_WARN_NON_LITERAL_NULL_CONVERSION = YES;
				CLANG_WARN_OBJC_IMPLICIT_RETAIN_SELF = YES;
				CLANG_WARN_OBJC_LITERAL_CONVERSION = YES;
				CLANG_WARN_OBJC_ROOT_CLASS = YES_ERROR;
				CLANG_WARN_QUOTED_INCLUDE_IN_FRAMEWORK_HEADER = YES;
				CLANG_WARN_RANGE_LOOP_ANALYSIS = YES;
				CLANG_WARN_STRICT_PROTOTYPES = YES;
				CLANG_WARN_SUSPICIOUS_MOVE = YES;
				CLANG_WARN_UNREACHABLE_CODE = YES;
				CLANG_WARN__DUPLICATE_METHOD_MATCH = YES;
				"CODE_SIGN_IDENTITY[sdk=iphoneos*]" = "iPhone Developer";
				COPY_PHASE_STRIP = NO;
				ENABLE_STRICT_OBJC_MSGSEND = YES;
				ENABLE_TESTABILITY = YES;
				"EXCLUDED_ARCHS[sdk=iphonesimulator*]" = i386;
				GCC_C_LANGUAGE_STANDARD = gnu99;
				GCC_DYNAMIC_NO_PIC = NO;
				GCC_NO_COMMON_BLOCKS = YES;
				GCC_OPTIMIZATION_LEVEL = 0;
				GCC_PREPROCESSOR_DEFINITIONS = (
					"DEBUG=1",
					"$(inherited)",
				);
				GCC_SYMBOLS_PRIVATE_EXTERN = NO;
				GCC_WARN_64_TO_32_BIT_CONVERSION = YES;
				GCC_WARN_ABOUT_RETURN_TYPE = YES_ERROR;
				GCC_WARN_UNDECLARED_SELECTOR = YES;
				GCC_WARN_UNINITIALIZED_AUTOS = YES_AGGRESSIVE;
				GCC_WARN_UNUSED_FUNCTION = YES;
				GCC_WARN_UNUSED_VARIABLE = YES;
				IPHONEOS_DEPLOYMENT_TARGET = 13.4;
				LD_RUNPATH_SEARCH_PATHS = (
					/usr/lib/swift,
					"$(inherited)",
				);
				LIBRARY_SEARCH_PATHS = (
					"\"$(SDKROOT)/usr/lib/swift\"",
					"\"$(TOOLCHAIN_DIR)/usr/lib/swift/$(PLATFORM_NAME)\"",
					"\"$(inherited)\"",
				);
				MTL_ENABLE_DEBUG_INFO = YES;
				ONLY_ACTIVE_ARCH = YES;
				OTHER_CFLAGS = "$(inherited)";
				OTHER_CPLUSPLUSFLAGS = (
					"$(OTHER_CFLAGS)",
					"-DFOLLY_NO_CONFIG",
					"-DFOLLY_MOBILE=1",
					"-DFOLLY_USE_LIBCPP=1",
					"-DFOLLY_CFG_NO_COROUTINES=1",
				);
				OTHER_LDFLAGS = (
					"$(inherited)",
					"-Wl",
					"-ld_classic",
				);
				REACT_NATIVE_PATH = "${PODS_ROOT}/../../node_modules/react-native";
				SDKROOT = iphoneos;
				USE_HERMES = true;
			};
			name = Debug;
		};
		83CBBA211A601CBA00E9B192 /* Release */ = {
			isa = XCBuildConfiguration;
			buildSettings = {
				ALWAYS_SEARCH_USER_PATHS = NO;
				CLANG_ANALYZER_LOCALIZABILITY_NONLOCALIZED = YES;
				CLANG_CXX_LANGUAGE_STANDARD = "c++20";
				CLANG_CXX_LIBRARY = "libc++";
				CLANG_ENABLE_MODULES = YES;
				CLANG_ENABLE_OBJC_ARC = YES;
				CLANG_WARN_BLOCK_CAPTURE_AUTORELEASING = YES;
				CLANG_WARN_BOOL_CONVERSION = YES;
				CLANG_WARN_COMMA = YES;
				CLANG_WARN_CONSTANT_CONVERSION = YES;
				CLANG_WARN_DEPRECATED_OBJC_IMPLEMENTATIONS = YES;
				CLANG_WARN_DIRECT_OBJC_ISA_USAGE = YES_ERROR;
				CLANG_WARN_EMPTY_BODY = YES;
				CLANG_WARN_ENUM_CONVERSION = YES;
				CLANG_WARN_INFINITE_RECURSION = YES;
				CLANG_WARN_INT_CONVERSION = YES;
				CLANG_WARN_NON_LITERAL_NULL_CONVERSION = YES;
				CLANG_WARN_OBJC_IMPLICIT_RETAIN_SELF = YES;
				CLANG_WARN_OBJC_LITERAL_CONVERSION = YES;
				CLANG_WARN_OBJC_ROOT_CLASS = YES_ERROR;
				CLANG_WARN_QUOTED_INCLUDE_IN_FRAMEWORK_HEADER = YES;
				CLANG_WARN_RANGE_LOOP_ANALYSIS = YES;
				CLANG_WARN_STRICT_PROTOTYPES = YES;
				CLANG_WARN_SUSPICIOUS_MOVE = YES;
				CLANG_WARN_UNREACHABLE_CODE = YES;
				CLANG_WARN__DUPLICATE_METHOD_MATCH = YES;
				"CODE_SIGN_IDENTITY[sdk=iphoneos*]" = "iPhone Developer";
				COPY_PHASE_STRIP = YES;
				ENABLE_NS_ASSERTIONS = NO;
				ENABLE_STRICT_OBJC_MSGSEND = YES;
				"EXCLUDED_ARCHS[sdk=iphonesimulator*]" = i386;
				GCC_C_LANGUAGE_STANDARD = gnu99;
				GCC_NO_COMMON_BLOCKS = YES;
				GCC_WARN_64_TO_32_BIT_CONVERSION = YES;
				GCC_WARN_ABOUT_RETURN_TYPE = YES_ERROR;
				GCC_WARN_UNDECLARED_SELECTOR = YES;
				GCC_WARN_UNINITIALIZED_AUTOS = YES_AGGRESSIVE;
				GCC_WARN_UNUSED_FUNCTION = YES;
				GCC_WARN_UNUSED_VARIABLE = YES;
				IPHONEOS_DEPLOYMENT_TARGET = 13.4;
				LD_RUNPATH_SEARCH_PATHS = (
					/usr/lib/swift,
					"$(inherited)",
				);
				LIBRARY_SEARCH_PATHS = (
					"\"$(SDKROOT)/usr/lib/swift\"",
					"\"$(TOOLCHAIN_DIR)/usr/lib/swift/$(PLATFORM_NAME)\"",
					"\"$(inherited)\"",
				);
				MTL_ENABLE_DEBUG_INFO = NO;
				OTHER_CFLAGS = "$(inherited)";
				OTHER_CPLUSPLUSFLAGS = (
					"$(OTHER_CFLAGS)",
					"-DFOLLY_NO_CONFIG",
					"-DFOLLY_MOBILE=1",
					"-DFOLLY_USE_LIBCPP=1",
					"-DFOLLY_CFG_NO_COROUTINES=1",
				);
				OTHER_LDFLAGS = (
					"$(inherited)",
					"-Wl",
					"-ld_classic",
				);
				REACT_NATIVE_PATH = "${PODS_ROOT}/../../node_modules/react-native";
				SDKROOT = iphoneos;
				USE_HERMES = true;
				VALIDATE_PRODUCT = YES;
			};
			name = Release;
		};
/* End XCBuildConfiguration section */

/* Begin XCConfigurationList section */
		00E357021AD99517003FC87E /* Build configuration list for PBXNativeTarget "RNStarterKitTests" */ = {
			isa = XCConfigurationList;
			buildConfigurations = (
				00E356F61AD99517003FC87E /* Debug */,
				00E356F71AD99517003FC87E /* Release */,
			);
			defaultConfigurationIsVisible = 0;
			defaultConfigurationName = Release;
		};
		13B07F931A680F5B00A75B9A /* Build configuration list for PBXNativeTarget "RNStarterKit" */ = {
			isa = XCConfigurationList;
			buildConfigurations = (
				13B07F941A680F5B00A75B9A /* Debug */,
				13B07F951A680F5B00A75B9A /* Release */,
			);
			defaultConfigurationIsVisible = 0;
			defaultConfigurationName = Release;
		};
		83CBB9FA1A601CBA00E9B192 /* Build configuration list for PBXProject "RNStarterKit" */ = {
			isa = XCConfigurationList;
			buildConfigurations = (
				83CBBA201A601CBA00E9B192 /* Debug */,
				83CBBA211A601CBA00E9B192 /* Release */,
			);
			defaultConfigurationIsVisible = 0;
			defaultConfigurationName = Release;
		};
/* End XCConfigurationList section */
	};
	rootObject = 83CBB9F71A601CBA00E9B192 /* Project object */;
}
